<?xml version="1.0" encoding="UTF-8" standalone="yes" ?>
<CodeBlocks_project_file>
	<FileVersion major="1" minor="6" />
	<Project>
		<Option title="Cliente" />
		<Option pch_mode="2" />
		<Option compiler="gcc" />
		<Build>
			<Target title="Debug">
				<Option output="bin/Debug/Cliente" prefix_auto="1" extension_auto="1" />
				<Option object_output="obj/Debug/" />
				<Option type="1" />
				<Option compiler="gcc" />
				<Compiler>
					<Add option="-g" />
				</Compiler>
			</Target>
			<Target title="Release">
				<Option output="bin/Release/Cliente" prefix_auto="1" extension_auto="1" />
				<Option object_output="obj/Release/" />
				<Option type="1" />
				<Option compiler="gcc" />
				<Compiler>
					<Add option="-O2" />
				</Compiler>
				<Linker>
					<Add option="-s" />
				</Linker>
			</Target>
		</Build>
		<Compiler>
			<Add option="-Wall" />
		</Compiler>
		<Unit filename="../../EstructurasDeDatos/ListaCircular/listaCircular.c">
			<Option compilerVar="CC" />
		</Unit>
		<Unit filename="../../EstructurasDeDatos/ListaCircular/listaCircular.h" />
		<Unit filename="../../EstructurasDeDatos/ListaSimple/listaSimple.c">
			<Option compilerVar="CC" />
		</Unit>
		<Unit filename="../../EstructurasDeDatos/ListaSimple/listaSimple.h" />
		<Unit filename="../../EstructurasDeDatos/Nodo/nodo.h" />
		<Unit filename="../FuncionesEspecificas/especificas.c">
			<Option compilerVar="CC" />
		</Unit>
		<Unit filename="../FuncionesEspecificas/especificas.h" />
		<Unit filename="../FuncionesUtiles/utiles.c">
			<Option compilerVar="CC" />
		</Unit>
		<Unit filename="../FuncionesUtiles/utiles.h" />
		<Unit filename="../Interfaces/interfazAmigos.c">
			<Option compilerVar="CC" />
		</Unit>
		<Unit filename="../Interfaces/interfazAmigos.h" />
		<Unit filename="../Interfaces/interfazConfig.c">
			<Option compilerVar="CC" />
		</Unit>
		<Unit filename="../Interfaces/interfazConfig.h" />
		<Unit filename="../Interfaces/interfazInicio.c">
			<Option compilerVar="CC" />
		</Unit>
		<Unit filename="../Interfaces/interfazInicio.h" />
		<Unit filename="../Interfaces/interfazRegistro.c">
			<Option compilerVar="CC" />
		</Unit>
		<Unit filename="../Interfaces/interfazRegistro.h" />
		<Unit filename="../Interfaces/interfazSalas.c">
			<Option compilerVar="CC" />
		</Unit>
		<Unit filename="../Interfaces/interfazSalas.h" />
		<Unit filename="estructuras.h" />
		<Unit filename="main.c">
			<Option compilerVar="CC" />
		</Unit>
		<Unit filename="main.h" />
		<Extensions />
	</Project>
</CodeBlocks_project_file>
